
Microsoft Visual Studio Solution File, Format Version 11.00
# Visual Studio 2010
Project("{FAE04EC0-301F-11D3-BF4B-00C04F79EFBC}") = "Space_shooter", "Assembly-CSharp.csproj", "{2333358B-9715-6269-7BC4-DB5B2707347F}"
EndProject
Project("{FAE04EC0-301F-11D3-BF4B-00C04F79EFBC}") = "Space_shooter", "Assembly-CSharp-Editor.csproj", "{46EBF393-3A34-EB7D-44B1-2C498D921B1B}"
EndProject
Global
	GlobalSection(SolutionConfigurationPlatforms) = preSolution
		Debug|Any CPU = Debug|Any CPU
		Release|Any CPU = Release|Any CPU
	EndGlobalSection
	GlobalSection(ProjectConfigurationPlatforms) = postSolution
		{2333358B-9715-6269-7BC4-DB5B2707347F}.Debug|Any CPU.ActiveCfg = Debug|Any CPU
		{2333358B-9715-6269-7BC4-DB5B2707347F}.Debug|Any CPU.Build.0 = Debug|Any CPU
		{2333358B-9715-6269-7BC4-DB5B2707347F}.Release|Any CPU.ActiveCfg = Release|Any CPU
		{2333358B-9715-6269-7BC4-DB5B2707347F}.Release|Any CPU.Build.0 = Release|Any CPU
		{46EBF393-3A34-EB7D-44B1-2C498D921B1B}.Debug|Any CPU.ActiveCfg = Debug|Any CPU
		{46EBF393-3A34-EB7D-44B1-2C498D921B1B}.Debug|Any CPU.Build.0 = Debug|Any CPU
		{46EBF393-3A34-EB7D-44B1-2C498D921B1B}.Release|Any CPU.ActiveCfg = Release|Any CPU
		{46EBF393-3A34-EB7D-44B1-2C498D921B1B}.Release|Any CPU.Build.0 = Release|Any CPU
	EndGlobalSection
	GlobalSection(SolutionProperties) = preSolution
		HideSolutionNode = FALSE
	EndGlobalSection
	GlobalSection(MonoDevelopProperties) = preSolution
		StartupItem = Assembly-CSharp.csproj
	EndGlobalSection
EndGlobal
